
Microsoft Visual Studio Solution File, Format Version 12.00
# Visual Studio Version 16
VisualStudioVersion = 16.0.31829.152
MinimumVisualStudioVersion = 10.0.40219.1
Project("{FAE04EC0-301F-11D3-BF4B-00C04F79EFBC}") = "Task_14", "Lab14\Task_14.csproj", "{7ADAF8C0-856A-4FE2-B449-8B7F6BFAFBE5}"
EndProject
Global
	GlobalSection(SolutionConfigurationPlatforms) = preSolution
		Debug|Any CPU = Debug|Any CPU
		Release|Any CPU = Release|Any CPU
	EndGlobalSection
	GlobalSection(ProjectConfigurationPlatforms) = postSolution
		{7ADAF8C0-856A-4FE2-B449-8B7F6BFAFBE5}.Debug|Any CPU.ActiveCfg = Debug|Any CPU
		{7ADAF8C0-856A-4FE2-B449-8B7F6BFAFBE5}.Debug|Any CPU.Build.0 = Debug|Any CPU
		{7ADAF8C0-856A-4FE2-B449-8B7F6BFAFBE5}.Release|Any CPU.ActiveCfg = Release|Any CPU
		{7ADAF8C0-856A-4FE2-B449-8B7F6BFAFBE5}.Release|Any CPU.Build.0 = Release|Any CPU
	EndGlobalSection
	GlobalSection(SolutionProperties) = preSolution
		HideSolutionNode = FALSE
	EndGlobalSection
	GlobalSection(ExtensibilityGlobals) = postSolution
		SolutionGuid = {D2066949-5E65-47A8-A6E3-5B2F6A8EB64E}
	EndGlobalSection
EndGlobal
